
Microsoft Visual Studio Solution File, Format Version 12.00
# Visual Studio Version 17
VisualStudioVersion = 17.9.34728.123
MinimumVisualStudioVersion = 10.0.40219.1
Project("{FAE04EC0-301F-11D3-BF4B-00C04F79EFBC}") = "SQLServerUI", "SQLServerUI\SQLServerUI.csproj", "{5C7DEB40-8ED4-4C9D-B262-65D688CE2CC3}"
EndProject
Project("{FAE04EC0-301F-11D3-BF4B-00C04F79EFBC}") = "DataAccessLibrary", "DataAccessLibrary\DataAccessLibrary.csproj", "{9D237590-E7B6-4387-9CB2-655F77134AE0}"
EndProject
Global
	GlobalSection(SolutionConfigurationPlatforms) = preSolution
		Debug|Any CPU = Debug|Any CPU
		Release|Any CPU = Release|Any CPU
	EndGlobalSection
	GlobalSection(ProjectConfigurationPlatforms) = postSolution
		{5C7DEB40-8ED4-4C9D-B262-65D688CE2CC3}.Debug|Any CPU.ActiveCfg = Debug|Any CPU
		{5C7DEB40-8ED4-4C9D-B262-65D688CE2CC3}.Debug|Any CPU.Build.0 = Debug|Any CPU
		{5C7DEB40-8ED4-4C9D-B262-65D688CE2CC3}.Release|Any CPU.ActiveCfg = Release|Any CPU
		{5C7DEB40-8ED4-4C9D-B262-65D688CE2CC3}.Release|Any CPU.Build.0 = Release|Any CPU
		{9D237590-E7B6-4387-9CB2-655F77134AE0}.Debug|Any CPU.ActiveCfg = Debug|Any CPU
		{9D237590-E7B6-4387-9CB2-655F77134AE0}.Debug|Any CPU.Build.0 = Debug|Any CPU
		{9D237590-E7B6-4387-9CB2-655F77134AE0}.Release|Any CPU.ActiveCfg = Release|Any CPU
		{9D237590-E7B6-4387-9CB2-655F77134AE0}.Release|Any CPU.Build.0 = Release|Any CPU
	EndGlobalSection
	GlobalSection(SolutionProperties) = preSolution
		HideSolutionNode = FALSE
	EndGlobalSection
	GlobalSection(ExtensibilityGlobals) = postSolution
		SolutionGuid = {915911CE-5EAE-46C9-902F-4699036AB509}
	EndGlobalSection
EndGlobal
